
Microsoft Visual Studio Solution File, Format Version 12.00
# Visual Studio Version 17
VisualStudioVersion = 17.3.32819.101
MinimumVisualStudioVersion = 10.0.40219.1
Project("{9A19103F-16F7-4668-BE54-9A1E7A4F7556}") = "BankOfSuccess", "BankOfSuccess\BankOfSuccess.csproj", "{EA8B1E66-FFC5-45A0-884B-F08A12CF72E3}"
EndProject
Project("{FAE04EC0-301F-11D3-BF4B-00C04F79EFBC}") = "BankOfSuccessUnitTesting", "BankOfSuccessUnitTesting\BankOfSuccessUnitTesting.csproj", "{AA05CCD4-70C1-4365-9ECC-873AB3DA167A}"
EndProject
Global
	GlobalSection(SolutionConfigurationPlatforms) = preSolution
		Debug|Any CPU = Debug|Any CPU
		Release|Any CPU = Release|Any CPU
	EndGlobalSection
	GlobalSection(ProjectConfigurationPlatforms) = postSolution
		{EA8B1E66-FFC5-45A0-884B-F08A12CF72E3}.Debug|Any CPU.ActiveCfg = Debug|Any CPU
		{EA8B1E66-FFC5-45A0-884B-F08A12CF72E3}.Debug|Any CPU.Build.0 = Debug|Any CPU
		{EA8B1E66-FFC5-45A0-884B-F08A12CF72E3}.Release|Any CPU.ActiveCfg = Release|Any CPU
		{EA8B1E66-FFC5-45A0-884B-F08A12CF72E3}.Release|Any CPU.Build.0 = Release|Any CPU
		{AA05CCD4-70C1-4365-9ECC-873AB3DA167A}.Debug|Any CPU.ActiveCfg = Debug|Any CPU
		{AA05CCD4-70C1-4365-9ECC-873AB3DA167A}.Debug|Any CPU.Build.0 = Debug|Any CPU
		{AA05CCD4-70C1-4365-9ECC-873AB3DA167A}.Release|Any CPU.ActiveCfg = Release|Any CPU
		{AA05CCD4-70C1-4365-9ECC-873AB3DA167A}.Release|Any CPU.Build.0 = Release|Any CPU
	EndGlobalSection
	GlobalSection(SolutionProperties) = preSolution
		HideSolutionNode = FALSE
	EndGlobalSection
	GlobalSection(ExtensibilityGlobals) = postSolution
		SolutionGuid = {AFCED0C1-F6A8-443D-A7DA-0F7F386F26DA}
	EndGlobalSection
EndGlobal
